
Microsoft Visual Studio Solution File, Format Version 12.00
# Visual Studio 15
Project("{FAE04EC0-301F-11D3-BF4B-00C04F79EFBC}") = "CecilTest", "CecilTest\CecilTest.csproj", "{9B400E4D-BD0E-44CC-B356-9E927B17F699}"
EndProject
Global
	GlobalSection(SolutionConfigurationPlatforms) = preSolution
		Debug|anycpu = Debug|anycpu
		Release|anycpu = Release|anycpu
	EndGlobalSection
	GlobalSection(ProjectConfigurationPlatforms) = postSolution
		{9B400E4D-BD0E-44CC-B356-9E927B17F699}.Debug|anycpu.ActiveCfg = Debug|anycpu
		{9B400E4D-BD0E-44CC-B356-9E927B17F699}.Debug|anycpu.Build.0 = Debug|anycpu
		{9B400E4D-BD0E-44CC-B356-9E927B17F699}.Release|anycpu.ActiveCfg = Release|anycpu
		{9B400E4D-BD0E-44CC-B356-9E927B17F699}.Release|anycpu.Build.0 = Release|anycpu
	EndGlobalSection
EndGlobal
